{
  "name": "@eq-solutions/tokens",
  "version": "1.3.2",
  "lockfileVersion": 3,
  "requires": true,
  "packages": {
    "": {
      "name": "@eq-solutions/tokens",
      "version": "1.3.2",
      "license": "UNLICENSED",
      "dependencies": {
        "@fontsource/plus-jakarta-sans": "^5.2.8"
      },
      "engines": {
        "node": ">=18"
      }
    },
    "node_modules/@fontsource/plus-jakarta-sans": {
      "version": "5.2.8",
      "resolved": "https://registry.npmjs.org/@fontsource/plus-jakarta-sans/-/plus-jakarta-sans-5.2.8.tgz",
      "integrity": "sha512-P5qE49fqdeD+7DXH1KBxmMPlB17LTz1zvBhFH0tFzfnYTKVJVyb0pR6plh0ZGXxcB+Oayb54FZZw3V42/DawTw==",
      "license": "OFL-1.1",
      "funding": {
        "url": "https://github.com/sponsors/ayuhito"
      }
    }
  }
}
